
Microsoft Visual Studio Solution File, Format Version 12.00
# Visual Studio Version 16
VisualStudioVersion = 16.0.30611.23
MinimumVisualStudioVersion = 10.0.40219.1
Project("{FAE04EC0-301F-11D3-BF4B-00C04F79EFBC}") = "hhhBot", "ConsoleApp5\hhhBot.csproj", "{59C93EAB-CC11-4E04-ADCF-54D702B07303}"
EndProject
Global
	GlobalSection(SolutionConfigurationPlatforms) = preSolution
		Debug|Any CPU = Debug|Any CPU
		Release|Any CPU = Release|Any CPU
	EndGlobalSection
	GlobalSection(ProjectConfigurationPlatforms) = postSolution
		{59C93EAB-CC11-4E04-ADCF-54D702B07303}.Debug|Any CPU.ActiveCfg = Debug|Any CPU
		{59C93EAB-CC11-4E04-ADCF-54D702B07303}.Debug|Any CPU.Build.0 = Debug|Any CPU
		{59C93EAB-CC11-4E04-ADCF-54D702B07303}.Release|Any CPU.ActiveCfg = Release|Any CPU
		{59C93EAB-CC11-4E04-ADCF-54D702B07303}.Release|Any CPU.Build.0 = Release|Any CPU
	EndGlobalSection
	GlobalSection(SolutionProperties) = preSolution
		HideSolutionNode = FALSE
	EndGlobalSection
	GlobalSection(ExtensibilityGlobals) = postSolution
		SolutionGuid = {EAFF1F7A-8F6B-43EB-AF29-D853C5C4DEAB}
	EndGlobalSection
EndGlobal
